// !$*UTF8*$!
{
	archiveVersion = 1;
	classes = {
	};
	objectVersion = 50;
	objects = {

/* Begin PBXBuildFile section */
		0C0747C322F099C3008D74BE /* ProfilePresenter.swift in Sources */ = {isa = PBXBuildFile; fileRef = 0C0747C222F099C3008D74BE /* ProfilePresenter.swift */; };
		0C31D05C22EE9C8200EEC3EE /* ImageCenterPosition.swift in Sources */ = {isa = PBXBuildFile; fileRef = 0C31D05B22EE9C8200EEC3EE /* ImageCenterPosition.swift */; };
		0C31D05E22EE9E0F00EEC3EE /* CyrcleImageView.swift in Sources */ = {isa = PBXBuildFile; fileRef = 0C31D05D22EE9E0F00EEC3EE /* CyrcleImageView.swift */; };
		0C31D06122EEA6FF00EEC3EE /* Profile.swift in Sources */ = {isa = PBXBuildFile; fileRef = 0C31D06022EEA6FF00EEC3EE /* Profile.swift */; };
		0C31D06522EF044000EEC3EE /* ProfileDetailVC.swift in Sources */ = {isa = PBXBuildFile; fileRef = 0C31D06422EF044000EEC3EE /* ProfileDetailVC.swift */; };
		0C698F0722F04298006E6F01 /* UIViewController.swift in Sources */ = {isa = PBXBuildFile; fileRef = 0C698F0622F04298006E6F01 /* UIViewController.swift */; };
		0C829A2B22EAFB6A00E374D9 /* AppDelegate.swift in Sources */ = {isa = PBXBuildFile; fileRef = 0C829A2A22EAFB6A00E374D9 /* AppDelegate.swift */; };
		0C829A2D22EAFB6A00E374D9 /* ViewController.swift in Sources */ = {isa = PBXBuildFile; fileRef = 0C829A2C22EAFB6A00E374D9 /* ViewController.swift */; };
		0C829A3022EAFB6A00E374D9 /* Main.storyboard in Resources */ = {isa = PBXBuildFile; fileRef = 0C829A2E22EAFB6A00E374D9 /* Main.storyboard */; };
		0C829A3222EAFB6B00E374D9 /* Assets.xcassets in Resources */ = {isa = PBXBuildFile; fileRef = 0C829A3122EAFB6B00E374D9 /* Assets.xcassets */; };
		0C829A3522EAFB6B00E374D9 /* LaunchScreen.storyboard in Resources */ = {isa = PBXBuildFile; fileRef = 0C829A3322EAFB6B00E374D9 /* LaunchScreen.storyboard */; };
		0C829A4422EB145200E374D9 /* ProfileCell.swift in Sources */ = {isa = PBXBuildFile; fileRef = 0C829A4322EB145200E374D9 /* ProfileCell.swift */; };
		0CBCED2622EE008400977007 /* CardView.swift in Sources */ = {isa = PBXBuildFile; fileRef = 0CBCED2522EE008400977007 /* CardView.swift */; };
		0CE1AFF722F162880073CBB0 /* Default-568h@2x.png in Resources */ = {isa = PBXBuildFile; fileRef = 0CE1AFF622F162880073CBB0 /* Default-568h@2x.png */; };
/* End PBXBuildFile section */

/* Begin PBXFileReference section */
		0C0747C222F099C3008D74BE /* ProfilePresenter.swift */ = {isa = PBXFileReference; lastKnownFileType = sourcecode.swift; path = ProfilePresenter.swift; sourceTree = "<group>"; };
		0C31D05B22EE9C8200EEC3EE /* ImageCenterPosition.swift */ = {isa = PBXFileReference; lastKnownFileType = sourcecode.swift; path = ImageCenterPosition.swift; sourceTree = "<group>"; };
		0C31D05D22EE9E0F00EEC3EE /* CyrcleImageView.swift */ = {isa = PBXFileReference; lastKnownFileType = sourcecode.swift; path = CyrcleImageView.swift; sourceTree = "<group>"; };
		0C31D06022EEA6FF00EEC3EE /* Profile.swift */ = {isa = PBXFileReference; lastKnownFileType = sourcecode.swift; path = Profile.swift; sourceTree = "<group>"; };
		0C31D06422EF044000EEC3EE /* ProfileDetailVC.swift */ = {isa = PBXFileReference; lastKnownFileType = sourcecode.swift; path = ProfileDetailVC.swift; sourceTree = "<group>"; };
		0C698F0622F04298006E6F01 /* UIViewController.swift */ = {isa = PBXFileReference; lastKnownFileType = sourcecode.swift; path = UIViewController.swift; sourceTree = "<group>"; };
		0C829A2722EAFB6A00E374D9 /* siemocrew.app */ = {isa = PBXFileReference; explicitFileType = wrapper.application; includeInIndex = 0; path = siemocrew.app; sourceTree = BUILT_PRODUCTS_DIR; };
		0C829A2A22EAFB6A00E374D9 /* AppDelegate.swift */ = {isa = PBXFileReference; lastKnownFileType = sourcecode.swift; path = AppDelegate.swift; sourceTree = "<group>"; };
		0C829A2C22EAFB6A00E374D9 /* ViewController.swift */ = {isa = PBXFileReference; lastKnownFileType = sourcecode.swift; path = ViewController.swift; sourceTree = "<group>"; };
		0C829A2F22EAFB6A00E374D9 /* Base */ = {isa = PBXFileReference; lastKnownFileType = file.storyboard; name = Base; path = Base.lproj/Main.storyboard; sourceTree = "<group>"; };
		0C829A3122EAFB6B00E374D9 /* Assets.xcassets */ = {isa = PBXFileReference; lastKnownFileType = folder.assetcatalog; path = Assets.xcassets; sourceTree = "<group>"; };
		0C829A3422EAFB6B00E374D9 /* Base */ = {isa = PBXFileReference; lastKnownFileType = file.storyboard; name = Base; path = Base.lproj/LaunchScreen.storyboard; sourceTree = "<group>"; };
		0C829A3622EAFB6B00E374D9 /* Info.plist */ = {isa = PBXFileReference; lastKnownFileType = text.plist.xml; path = Info.plist; sourceTree = "<group>"; };
		0C829A4322EB145200E374D9 /* ProfileCell.swift */ = {isa = PBXFileReference; lastKnownFileType = sourcecode.swift; path = ProfileCell.swift; sourceTree = "<group>"; };
		0CBCED2522EE008400977007 /* CardView.swift */ = {isa = PBXFileReference; lastKnownFileType = sourcecode.swift; path = CardView.swift; sourceTree = "<group>"; };
		0CE1AFF622F162880073CBB0 /* Default-568h@2x.png */ = {isa = PBXFileReference; lastKnownFileType = image.png; path = "Default-568h@2x.png"; sourceTree = "<group>"; };
/* End PBXFileReference section */

/* Begin PBXFrameworksBuildPhase section */
		0C829A2422EAFB6A00E374D9 /* Frameworks */ = {
			isa = PBXFrameworksBuildPhase;
			buildActionMask = 2147483647;
			files = (
			);
			runOnlyForDeploymentPostprocessing = 0;
		};
/* End PBXFrameworksBuildPhase section */

/* Begin PBXGroup section */
		0C0747C122F099AC008D74BE /* Presenter */ = {
			isa = PBXGroup;
			children = (
				0C0747C222F099C3008D74BE /* ProfilePresenter.swift */,
			);
			path = Presenter;
			sourceTree = "<group>";
		};
		0C31D05F22EEA6E500EEC3EE /* entity */ = {
			isa = PBXGroup;
			children = (
				0C31D06022EEA6FF00EEC3EE /* Profile.swift */,
			);
			path = entity;
			sourceTree = "<group>";
		};
		0C829A1E22EAFB6A00E374D9 = {
			isa = PBXGroup;
			children = (
				0CE1AFF622F162880073CBB0 /* Default-568h@2x.png */,
				0C829A2922EAFB6A00E374D9 /* siemocrew */,
				0C829A2822EAFB6A00E374D9 /* Products */,
			);
			sourceTree = "<group>";
		};
		0C829A2822EAFB6A00E374D9 /* Products */ = {
			isa = PBXGroup;
			children = (
				0C829A2722EAFB6A00E374D9 /* siemocrew.app */,
			);
			name = Products;
			sourceTree = "<group>";
		};
		0C829A2922EAFB6A00E374D9 /* siemocrew */ = {
			isa = PBXGroup;
			children = (
				0C0747C122F099AC008D74BE /* Presenter */,
				0C31D05F22EEA6E500EEC3EE /* entity */,
				0C829A3E22EAFB9A00E374D9 /* Component */,
				0C829A3D22EAFB8E00E374D9 /* Storyboard */,
				0C829A3C22EAFB7900E374D9 /* ViewController */,
				0C829A2A22EAFB6A00E374D9 /* AppDelegate.swift */,
				0C829A3122EAFB6B00E374D9 /* Assets.xcassets */,
				0C829A3322EAFB6B00E374D9 /* LaunchScreen.storyboard */,
				0C829A3622EAFB6B00E374D9 /* Info.plist */,
			);
			path = siemocrew;
			sourceTree = "<group>";
		};
		0C829A3C22EAFB7900E374D9 /* ViewController */ = {
			isa = PBXGroup;
			children = (
				0C829A2C22EAFB6A00E374D9 /* ViewController.swift */,
				0C31D06422EF044000EEC3EE /* ProfileDetailVC.swift */,
			);
			path = ViewController;
			sourceTree = "<group>";
		};
		0C829A3D22EAFB8E00E374D9 /* Storyboard */ = {
			isa = PBXGroup;
			children = (
				0C829A2E22EAFB6A00E374D9 /* Main.storyboard */,
			);
			path = Storyboard;
			sourceTree = "<group>";
		};
		0C829A3E22EAFB9A00E374D9 /* Component */ = {
			isa = PBXGroup;
			children = (
				0C829A4322EB145200E374D9 /* ProfileCell.swift */,
				0CBCED2522EE008400977007 /* CardView.swift */,
				0C31D05B22EE9C8200EEC3EE /* ImageCenterPosition.swift */,
				0C31D05D22EE9E0F00EEC3EE /* CyrcleImageView.swift */,
				0C698F0622F04298006E6F01 /* UIViewController.swift */,
			);
			path = Component;
			sourceTree = "<group>";
		};
/* End PBXGroup section */

/* Begin PBXNativeTarget section */
		0C829A2622EAFB6A00E374D9 /* siemocrew */ = {
			isa = PBXNativeTarget;
			buildConfigurationList = 0C829A3922EAFB6B00E374D9 /* Build configuration list for PBXNativeTarget "siemocrew" */;
			buildPhases = (
				0C829A2322EAFB6A00E374D9 /* Sources */,
				0C829A2422EAFB6A00E374D9 /* Frameworks */,
				0C829A2522EAFB6A00E374D9 /* Resources */,
			);
			buildRules = (
			);
			dependencies = (
			);
			name = siemocrew;
			productName = moviecatalogue;
			productReference = 0C829A2722EAFB6A00E374D9 /* siemocrew.app */;
			productType = "com.apple.product-type.application";
		};
/* End PBXNativeTarget section */

/* Begin PBXProject section */
		0C829A1F22EAFB6A00E374D9 /* Project object */ = {
			isa = PBXProject;
			attributes = {
				LastSwiftUpdateCheck = 1000;
				LastUpgradeCheck = 1000;
				ORGANIZATIONNAME = "Mobile SIEMO";
				TargetAttributes = {
					0C829A2622EAFB6A00E374D9 = {
						CreatedOnToolsVersion = 10.0;
						LastSwiftMigration = 1020;
					};
				};
			};
			buildConfigurationList = 0C829A2222EAFB6A00E374D9 /* Build configuration list for PBXProject "siemocrew" */;
			compatibilityVersion = "Xcode 9.3";
			developmentRegion = en;
			hasScannedForEncodings = 0;
			knownRegions = (
				en,
				Base,
			);
			mainGroup = 0C829A1E22EAFB6A00E374D9;
			productRefGroup = 0C829A2822EAFB6A00E374D9 /* Products */;
			projectDirPath = "";
			projectRoot = "";
			targets = (
				0C829A2622EAFB6A00E374D9 /* siemocrew */,
			);
		};
/* End PBXProject section */

/* Begin PBXResourcesBuildPhase section */
		0C829A2522EAFB6A00E374D9 /* Resources */ = {
			isa = PBXResourcesBuildPhase;
			buildActionMask = 2147483647;
			files = (
				0C829A3522EAFB6B00E374D9 /* LaunchScreen.storyboard in Resources */,
				0CE1AFF722F162880073CBB0 /* Default-568h@2x.png in Resources */,
				0C829A3222EAFB6B00E374D9 /* Assets.xcassets in Resources */,
				0C829A3022EAFB6A00E374D9 /* Main.storyboard in Resources */,
			);
			runOnlyForDeploymentPostprocessing = 0;
		};
/* End PBXResourcesBuildPhase section */

/* Begin PBXSourcesBuildPhase section */
		0C829A2322EAFB6A00E374D9 /* Sources */ = {
			isa = PBXSourcesBuildPhase;
			buildActionMask = 2147483647;
			files = (
				0C31D05C22EE9C8200EEC3EE /* ImageCenterPosition.swift in Sources */,
				0C829A2D22EAFB6A00E374D9 /* ViewController.swift in Sources */,
				0C698F0722F04298006E6F01 /* UIViewController.swift in Sources */,
				0C31D06522EF044000EEC3EE /* ProfileDetailVC.swift in Sources */,
				0C31D05E22EE9E0F00EEC3EE /* CyrcleImageView.swift in Sources */,
				0C31D06122EEA6FF00EEC3EE /* Profile.swift in Sources */,
				0C829A2B22EAFB6A00E374D9 /* AppDelegate.swift in Sources */,
				0CBCED2622EE008400977007 /* CardView.swift in Sources */,
				0C0747C322F099C3008D74BE /* ProfilePresenter.swift in Sources */,
				0C829A4422EB145200E374D9 /* ProfileCell.swift in Sources */,
			);
			runOnlyForDeploymentPostprocessing = 0;
		};
/* End PBXSourcesBuildPhase section */

/* Begin PBXVariantGroup section */
		0C829A2E22EAFB6A00E374D9 /* Main.storyboard */ = {
			isa = PBXVariantGroup;
			children = (
				0C829A2F22EAFB6A00E374D9 /* Base */,
			);
			name = Main.storyboard;
			sourceTree = "<group>";
		};
		0C829A3322EAFB6B00E374D9 /* LaunchScreen.storyboard */ = {
			isa = PBXVariantGroup;
			children = (
				0C829A3422EAFB6B00E374D9 /* Base */,
			);
			name = LaunchScreen.storyboard;
			sourceTree = "<group>";
		};
/* End PBXVariantGroup section */

/* Begin XCBuildConfiguration section */
		0C829A3722EAFB6B00E374D9 /* Debug */ = {
			isa = XCBuildConfiguration;
			buildSettings = {
				ALWAYS_SEARCH_USER_PATHS = NO;
				CLANG_ANALYZER_NONNULL = YES;
				CLANG_ANALYZER_NUMBER_OBJECT_CONVERSION = YES_AGGRESSIVE;
				CLANG_CXX_LANGUAGE_STANDARD = "gnu++14";
				CLANG_CXX_LIBRARY = "libc++";
				CLANG_ENABLE_MODULES = YES;
				CLANG_ENABLE_OBJC_ARC = YES;
				CLANG_ENABLE_OBJC_WEAK = YES;
				CLANG_WARN_BLOCK_CAPTURE_AUTORELEASING = YES;
				CLANG_WARN_BOOL_CONVERSION = YES;
				CLANG_WARN_COMMA = YES;
				CLANG_WARN_CONSTANT_CONVERSION = YES;
				CLANG_WARN_DEPRECATED_OBJC_IMPLEMENTATIONS = YES;
				CLANG_WARN_DIRECT_OBJC_ISA_USAGE = YES_ERROR;
				CLANG_WARN_DOCUMENTATION_COMMENTS = YES;
				CLANG_WARN_EMPTY_BODY = YES;
				CLANG_WARN_ENUM_CONVERSION = YES;
				CLANG_WARN_INFINITE_RECURSION = YES;
				CLANG_WARN_INT_CONVERSION = YES;
				CLANG_WARN_NON_LITERAL_NULL_CONVERSION = YES;
				CLANG_WARN_OBJC_IMPLICIT_RETAIN_SELF = YES;
				CLANG_WARN_OBJC_LITERAL_CONVERSION = YES;
				CLANG_WARN_OBJC_ROOT_CLASS = YES_ERROR;
				CLANG_WARN_RANGE_LOOP_ANALYSIS = YES;
				CLANG_WARN_STRICT_PROTOTYPES = YES;
				CLANG_WARN_SUSPICIOUS_MOVE = YES;
				CLANG_WARN_UNGUARDED_AVAILABILITY = YES_AGGRESSIVE;
				CLANG_WARN_UNREACHABLE_CODE = YES;
				CLANG_WARN__DUPLICATE_METHOD_MATCH = YES;
				CODE_SIGN_IDENTITY = "iPhone Developer";
				COPY_PHASE_STRIP = NO;
				DEBUG_INFORMATION_FORMAT = dwarf;
				ENABLE_STRICT_OBJC_MSGSEND = YES;
				ENABLE_TESTABILITY = YES;
				GCC_C_LANGUAGE_STANDARD = gnu11;
				GCC_DYNAMIC_NO_PIC = NO;
				GCC_NO_COMMON_BLOCKS = YES;
				GCC_OPTIMIZATION_LEVEL = 0;
				GCC_PREPROCESSOR_DEFINITIONS = (
					"DEBUG=1",
					"$(inherited)",
				);
				GCC_WARN_64_TO_32_BIT_CONVERSION = YES;
				GCC_WARN_ABOUT_RETURN_TYPE = YES_ERROR;
				GCC_WARN_UNDECLARED_SELECTOR = YES;
				GCC_WARN_UNINITIALIZED_AUTOS = YES_AGGRESSIVE;
				GCC_WARN_UNUSED_FUNCTION = YES;
				GCC_WARN_UNUSED_VARIABLE = YES;
				IPHONEOS_DEPLOYMENT_TARGET = 12.0;
				MTL_ENABLE_DEBUG_INFO = INCLUDE_SOURCE;
				MTL_FAST_MATH = YES;
				ONLY_ACTIVE_ARCH = YES;
				SDKROOT = iphoneos;
				SWIFT_ACTIVE_COMPILATION_CONDITIONS = DEBUG;
				SWIFT_OPTIMIZATION_LEVEL = "-Onone";
			};
			name = Debug;
		};
		0C829A3822EAFB6B00E374D9 /* Release */ = {
			isa = XCBuildConfiguration;
			buildSettings = {
				ALWAYS_SEARCH_USER_PATHS = NO;
				CLANG_ANALYZER_NONNULL = YES;
				CLANG_ANALYZER_NUMBER_OBJECT_CONVERSION = YES_AGGRESSIVE;
				CLANG_CXX_LANGUAGE_STANDARD = "gnu++14";
				CLANG_CXX_LIBRARY = "libc++";
				CLANG_ENABLE_MODULES = YES;
				CLANG_ENABLE_OBJC_ARC = YES;
				CLANG_ENABLE_OBJC_WEAK = YES;
				CLANG_WARN_BLOCK_CAPTURE_AUTORELEASING = YES;
				CLANG_WARN_BOOL_CONVERSION = YES;
				CLANG_WARN_COMMA = YES;
				CLANG_WARN_CONSTANT_CONVERSION = YES;
				CLANG_WARN_DEPRECATED_OBJC_IMPLEMENTATIONS = YES;
				CLANG_WARN_DIRECT_OBJC_ISA_USAGE = YES_ERROR;
				CLANG_WARN_DOCUMENTATION_COMMENTS = YES;
				CLANG_WARN_EMPTY_BODY = YES;
				CLANG_WARN_ENUM_CONVERSION = YES;
				CLANG_WARN_INFINITE_RECURSION = YES;
				CLANG_WARN_INT_CONVERSION = YES;
				CLANG_WARN_NON_LITERAL_NULL_CONVERSION = YES;
				CLANG_WARN_OBJC_IMPLICIT_RETAIN_SELF = YES;
				CLANG_WARN_OBJC_LITERAL_CONVERSION = YES;
				CLANG_WARN_OBJC_ROOT_CLASS = YES_ERROR;
				CLANG_WARN_RANGE_LOOP_ANALYSIS = YES;
				CLANG_WARN_STRICT_PROTOTYPES = YES;
				CLANG_WARN_SUSPICIOUS_MOVE = YES;
				CLANG_WARN_UNGUARDED_AVAILABILITY = YES_AGGRESSIVE;
				CLANG_WARN_UNREACHABLE_CODE = YES;
				CLANG_WARN__DUPLICATE_METHOD_MATCH = YES;
				CODE_SIGN_IDENTITY = "iPhone Developer";
				COPY_PHASE_STRIP = NO;
				DEBUG_INFORMATION_FORMAT = "dwarf-with-dsym";
				ENABLE_NS_ASSERTIONS = NO;
				ENABLE_STRICT_OBJC_MSGSEND = YES;
				GCC_C_LANGUAGE_STANDARD = gnu11;
				GCC_NO_COMMON_BLOCKS = YES;
				GCC_WARN_64_TO_32_BIT_CONVERSION = YES;
				GCC_WARN_ABOUT_RETURN_TYPE = YES_ERROR;
				GCC_WARN_UNDECLARED_SELECTOR = YES;
				GCC_WARN_UNINITIALIZED_AUTOS = YES_AGGRESSIVE;
				GCC_WARN_UNUSED_FUNCTION = YES;
				GCC_WARN_UNUSED_VARIABLE = YES;
				IPHONEOS_DEPLOYMENT_TARGET = 12.0;
				MTL_ENABLE_DEBUG_INFO = NO;
				MTL_FAST_MATH = YES;
				SDKROOT = iphoneos;
				SWIFT_COMPILATION_MODE = wholemodule;
				SWIFT_OPTIMIZATION_LEVEL = "-O";
				VALIDATE_PRODUCT = YES;
			};
			name = Release;
		};
		0C829A3A22EAFB6B00E374D9 /* Debug */ = {
			isa = XCBuildConfiguration;
			buildSettings = {
				ASSETCATALOG_COMPILER_APPICON_NAME = AppIcon;
				CODE_SIGN_STYLE = Automatic;
				DEVELOPMENT_TEAM = H9UB4842E4;
				INFOPLIST_FILE = siemocrew/Info.plist;
				LD_RUNPATH_SEARCH_PATHS = (
					"$(inherited)",
					"@executable_path/Frameworks",
				);
				PRODUCT_BUNDLE_IDENTIFIER = com.mlpt.siemocrue;
				PRODUCT_NAME = "$(TARGET_NAME)";
				SWIFT_VERSION = 4.2;
				TARGETED_DEVICE_FAMILY = "1,2";
			};
			name = Debug;
		};
		0C829A3B22EAFB6B00E374D9 /* Release */ = {
			isa = XCBuildConfiguration;
			buildSettings = {
				ASSETCATALOG_COMPILER_APPICON_NAME = AppIcon;
				CODE_SIGN_STYLE = Automatic;
				DEVELOPMENT_TEAM = H9UB4842E4;
				INFOPLIST_FILE = siemocrew/Info.plist;
				LD_RUNPATH_SEARCH_PATHS = (
					"$(inherited)",
					"@executable_path/Frameworks",
				);
				PRODUCT_BUNDLE_IDENTIFIER = com.mlpt.siemocrue;
				PRODUCT_NAME = "$(TARGET_NAME)";
				SWIFT_VERSION = 4.2;
				TARGETED_DEVICE_FAMILY = "1,2";
			};
			name = Release;
		};
/* End XCBuildConfiguration section */

/* Begin XCConfigurationList section */
		0C829A2222EAFB6A00E374D9 /* Build configuration list for PBXProject "siemocrew" */ = {
			isa = XCConfigurationList;
			buildConfigurations = (
				0C829A3722EAFB6B00E374D9 /* Debug */,
				0C829A3822EAFB6B00E374D9 /* Release */,
			);
			defaultConfigurationIsVisible = 0;
			defaultConfigurationName = Release;
		};
		0C829A3922EAFB6B00E374D9 /* Build configuration list for PBXNativeTarget "siemocrew" */ = {
			isa = XCConfigurationList;
			buildConfigurations = (
				0C829A3A22EAFB6B00E374D9 /* Debug */,
				0C829A3B22EAFB6B00E374D9 /* Release */,
			);
			defaultConfigurationIsVisible = 0;
			defaultConfigurationName = Release;
		};
/* End XCConfigurationList section */
	};
	rootObject = 0C829A1F22EAFB6A00E374D9 /* Project object */;
}
